{
  "name": "gate-ble",
  "lockfileVersion": 2,
  "requires": true,
  "packages": {
    "": {
      "devDependencies": {
        "@types/web-bluetooth": "^0.0.15"
      }
    },
    "node_modules/@types/web-bluetooth": {
      "version": "0.0.15",
      "resolved": "https://registry.npmjs.org/@types/web-bluetooth/-/web-bluetooth-0.0.15.tgz",
      "integrity": "sha512-w7hEHXnPMEZ+4nGKl/KDRVpxkwYxYExuHOYXyzIzCDzEZ9ZCGMAewulr9IqJu2LR4N37fcnb1XVeuZ09qgOxhA==",
      "dev": true
    }
  },
  "dependencies": {
    "@types/web-bluetooth": {
      "version": "0.0.15",
      "resolved": "https://registry.npmjs.org/@types/web-bluetooth/-/web-bluetooth-0.0.15.tgz",
      "integrity": "sha512-w7hEHXnPMEZ+4nGKl/KDRVpxkwYxYExuHOYXyzIzCDzEZ9ZCGMAewulr9IqJu2LR4N37fcnb1XVeuZ09qgOxhA==",
      "dev": true
    }
  }
}
